// !$*UTF8*$!
{
	archiveVersion = 1;
	classes = {
	};
	objectVersion = 51;
	objects = {

/* Begin PBXBuildFile section */
		441D76CE238BEAB800B3F875 /* AppDelegate.swift in Sources */ = {isa = PBXBuildFile; fileRef = 441D76CD238BEAB800B3F875 /* AppDelegate.swift */; };
		441D76D0238BEAB800B3F875 /* SceneDelegate.swift in Sources */ = {isa = PBXBuildFile; fileRef = 441D76CF238BEAB800B3F875 /* SceneDelegate.swift */; };
		441D76D2238BEAB800B3F875 /* ViewController.swift in Sources */ = {isa = PBXBuildFile; fileRef = 441D76D1238BEAB800B3F875 /* ViewController.swift */; };
		441D76D5238BEAB800B3F875 /* Main.storyboard in Resources */ = {isa = PBXBuildFile; fileRef = 441D76D3238BEAB800B3F875 /* Main.storyboard */; };
		441D76D7238BEAB900B3F875 /* Assets.xcassets in Resources */ = {isa = PBXBuildFile; fileRef = 441D76D6238BEAB900B3F875 /* Assets.xcassets */; };
		441D76DA238BEABA00B3F875 /* LaunchScreen.storyboard in Resources */ = {isa = PBXBuildFile; fileRef = 441D76D8238BEABA00B3F875 /* LaunchScreen.storyboard */; };
		441D76E2238BEE1900B3F875 /* CollectionViewCell.swift in Sources */ = {isa = PBXBuildFile; fileRef = 441D76E1238BEE1900B3F875 /* CollectionViewCell.swift */; };
		442DEF4D238E97C5008FA787 /* APIClient.swift in Sources */ = {isa = PBXBuildFile; fileRef = 442DEF4C238E97C5008FA787 /* APIClient.swift */; };
		4438C980238D462C000CF0A8 /* TableViewCellResult.swift in Sources */ = {isa = PBXBuildFile; fileRef = 4438C97F238D462C000CF0A8 /* TableViewCellResult.swift */; };
		7CD69A2B238DCEEB0060CDFA /* RoundButton.swift in Sources */ = {isa = PBXBuildFile; fileRef = 7CD69A2A238DCEEB0060CDFA /* RoundButton.swift */; };
		7CD69A2D238DDF410060CDFA /* CustomLabel.swift in Sources */ = {isa = PBXBuildFile; fileRef = 7CD69A2C238DDF410060CDFA /* CustomLabel.swift */; };
		7CD69A2F238DE61A0060CDFA /* CustomTableView.swift in Sources */ = {isa = PBXBuildFile; fileRef = 7CD69A2E238DE61A0060CDFA /* CustomTableView.swift */; };
		8C5A9DEFCB0EE2F8690FA1AD /* Pods_Letras.framework in Frameworks */ = {isa = PBXBuildFile; fileRef = 04CD882A64017CB1893EFD33 /* Pods_Letras.framework */; };
/* End PBXBuildFile section */

/* Begin PBXFileReference section */
		04CD882A64017CB1893EFD33 /* Pods_Letras.framework */ = {isa = PBXFileReference; explicitFileType = wrapper.framework; includeInIndex = 0; path = Pods_Letras.framework; sourceTree = BUILT_PRODUCTS_DIR; };
		0B3E3E7EC63D777746E7EF68 /* Pods-Letras.debug.xcconfig */ = {isa = PBXFileReference; includeInIndex = 1; lastKnownFileType = text.xcconfig; name = "Pods-Letras.debug.xcconfig"; path = "Target Support Files/Pods-Letras/Pods-Letras.debug.xcconfig"; sourceTree = "<group>"; };
		441D76CA238BEAB800B3F875 /* Letras.app */ = {isa = PBXFileReference; explicitFileType = wrapper.application; includeInIndex = 0; path = Letras.app; sourceTree = BUILT_PRODUCTS_DIR; };
		441D76CD238BEAB800B3F875 /* AppDelegate.swift */ = {isa = PBXFileReference; lastKnownFileType = sourcecode.swift; path = AppDelegate.swift; sourceTree = "<group>"; };
		441D76CF238BEAB800B3F875 /* SceneDelegate.swift */ = {isa = PBXFileReference; lastKnownFileType = sourcecode.swift; path = SceneDelegate.swift; sourceTree = "<group>"; };
		441D76D1238BEAB800B3F875 /* ViewController.swift */ = {isa = PBXFileReference; lastKnownFileType = sourcecode.swift; path = ViewController.swift; sourceTree = "<group>"; };
		441D76D4238BEAB800B3F875 /* Base */ = {isa = PBXFileReference; lastKnownFileType = file.storyboard; name = Base; path = Base.lproj/Main.storyboard; sourceTree = "<group>"; };
		441D76D6238BEAB900B3F875 /* Assets.xcassets */ = {isa = PBXFileReference; lastKnownFileType = folder.assetcatalog; path = Assets.xcassets; sourceTree = "<group>"; };
		441D76D9238BEABA00B3F875 /* Base */ = {isa = PBXFileReference; lastKnownFileType = file.storyboard; name = Base; path = Base.lproj/LaunchScreen.storyboard; sourceTree = "<group>"; };
		441D76DB238BEABA00B3F875 /* Info.plist */ = {isa = PBXFileReference; lastKnownFileType = text.plist.xml; path = Info.plist; sourceTree = "<group>"; };
		441D76E1238BEE1900B3F875 /* CollectionViewCell.swift */ = {isa = PBXFileReference; lastKnownFileType = sourcecode.swift; path = CollectionViewCell.swift; sourceTree = "<group>"; };
		442DEF4C238E97C5008FA787 /* APIClient.swift */ = {isa = PBXFileReference; lastKnownFileType = sourcecode.swift; path = APIClient.swift; sourceTree = "<group>"; };
		4438C97F238D462C000CF0A8 /* TableViewCellResult.swift */ = {isa = PBXFileReference; lastKnownFileType = sourcecode.swift; path = TableViewCellResult.swift; sourceTree = "<group>"; };
		7CD69A2A238DCEEB0060CDFA /* RoundButton.swift */ = {isa = PBXFileReference; lastKnownFileType = sourcecode.swift; path = RoundButton.swift; sourceTree = "<group>"; };
		7CD69A2C238DDF410060CDFA /* CustomLabel.swift */ = {isa = PBXFileReference; lastKnownFileType = sourcecode.swift; path = CustomLabel.swift; sourceTree = "<group>"; };
		7CD69A2E238DE61A0060CDFA /* CustomTableView.swift */ = {isa = PBXFileReference; lastKnownFileType = sourcecode.swift; path = CustomTableView.swift; sourceTree = "<group>"; };
		EEE6527DA20575895F0D8143 /* Pods-Letras.release.xcconfig */ = {isa = PBXFileReference; includeInIndex = 1; lastKnownFileType = text.xcconfig; name = "Pods-Letras.release.xcconfig"; path = "Target Support Files/Pods-Letras/Pods-Letras.release.xcconfig"; sourceTree = "<group>"; };
/* End PBXFileReference section */

/* Begin PBXFrameworksBuildPhase section */
		441D76C7238BEAB800B3F875 /* Frameworks */ = {
			isa = PBXFrameworksBuildPhase;
			buildActionMask = 2147483647;
			files = (
				8C5A9DEFCB0EE2F8690FA1AD /* Pods_Letras.framework in Frameworks */,
			);
			runOnlyForDeploymentPostprocessing = 0;
		};
/* End PBXFrameworksBuildPhase section */

/* Begin PBXGroup section */
		0B7560358569BECD66BBEF98 /* Frameworks */ = {
			isa = PBXGroup;
			children = (
				04CD882A64017CB1893EFD33 /* Pods_Letras.framework */,
			);
			name = Frameworks;
			sourceTree = "<group>";
		};
		441D76C1238BEAB800B3F875 = {
			isa = PBXGroup;
			children = (
				441D76CC238BEAB800B3F875 /* Letras */,
				441D76CB238BEAB800B3F875 /* Products */,
				C08EA6AB091B4BB3F84EDE74 /* Pods */,
				0B7560358569BECD66BBEF98 /* Frameworks */,
			);
			sourceTree = "<group>";
		};
		441D76CB238BEAB800B3F875 /* Products */ = {
			isa = PBXGroup;
			children = (
				441D76CA238BEAB800B3F875 /* Letras.app */,
			);
			name = Products;
			sourceTree = "<group>";
		};
		441D76CC238BEAB800B3F875 /* Letras */ = {
			isa = PBXGroup;
			children = (
				442DEF47238E9608008FA787 /* API */,
				441D76CD238BEAB800B3F875 /* AppDelegate.swift */,
				441D76CF238BEAB800B3F875 /* SceneDelegate.swift */,
				441D76D1238BEAB800B3F875 /* ViewController.swift */,
				441D76D3238BEAB800B3F875 /* Main.storyboard */,
				441D76D6238BEAB900B3F875 /* Assets.xcassets */,
				441D76D8238BEABA00B3F875 /* LaunchScreen.storyboard */,
				441D76DB238BEABA00B3F875 /* Info.plist */,
				441D76E1238BEE1900B3F875 /* CollectionViewCell.swift */,
				4438C97F238D462C000CF0A8 /* TableViewCellResult.swift */,
				7CD69A2A238DCEEB0060CDFA /* RoundButton.swift */,
				7CD69A2C238DDF410060CDFA /* CustomLabel.swift */,
				7CD69A2E238DE61A0060CDFA /* CustomTableView.swift */,
			);
			path = Letras;
			sourceTree = "<group>";
		};
		442DEF47238E9608008FA787 /* API */ = {
			isa = PBXGroup;
			children = (
				442DEF4C238E97C5008FA787 /* APIClient.swift */,
			);
			path = API;
			sourceTree = "<group>";
		};
		C08EA6AB091B4BB3F84EDE74 /* Pods */ = {
			isa = PBXGroup;
			children = (
				0B3E3E7EC63D777746E7EF68 /* Pods-Letras.debug.xcconfig */,
				EEE6527DA20575895F0D8143 /* Pods-Letras.release.xcconfig */,
			);
			path = Pods;
			sourceTree = "<group>";
		};
/* End PBXGroup section */

/* Begin PBXNativeTarget section */
		441D76C9238BEAB800B3F875 /* Letras */ = {
			isa = PBXNativeTarget;
			buildConfigurationList = 441D76DE238BEABA00B3F875 /* Build configuration list for PBXNativeTarget "Letras" */;
			buildPhases = (
				1D0F60CDE527202B5FC125A7 /* [CP] Check Pods Manifest.lock */,
				441D76C6238BEAB800B3F875 /* Sources */,
				441D76C7238BEAB800B3F875 /* Frameworks */,
				441D76C8238BEAB800B3F875 /* Resources */,
				853B5C8F0489A7625E3585F4 /* [CP] Embed Pods Frameworks */,
			);
			buildRules = (
			);
			dependencies = (
			);
			name = Letras;
			productName = Letras;
			productReference = 441D76CA238BEAB800B3F875 /* Letras.app */;
			productType = "com.apple.product-type.application";
		};
/* End PBXNativeTarget section */

/* Begin PBXProject section */
		441D76C2238BEAB800B3F875 /* Project object */ = {
			isa = PBXProject;
			attributes = {
				LastSwiftUpdateCheck = 1110;
				LastUpgradeCheck = 1110;
				ORGANIZATIONNAME = "-";
				TargetAttributes = {
					441D76C9238BEAB800B3F875 = {
						CreatedOnToolsVersion = 11.1;
					};
				};
			};
			buildConfigurationList = 441D76C5238BEAB800B3F875 /* Build configuration list for PBXProject "Letras" */;
			compatibilityVersion = "Xcode 9.3";
			developmentRegion = en;
			hasScannedForEncodings = 0;
			knownRegions = (
				en,
				Base,
			);
			mainGroup = 441D76C1238BEAB800B3F875;
			productRefGroup = 441D76CB238BEAB800B3F875 /* Products */;
			projectDirPath = "";
			projectRoot = "";
			targets = (
				441D76C9238BEAB800B3F875 /* Letras */,
			);
		};
/* End PBXProject section */

/* Begin PBXResourcesBuildPhase section */
		441D76C8238BEAB800B3F875 /* Resources */ = {
			isa = PBXResourcesBuildPhase;
			buildActionMask = 2147483647;
			files = (
				441D76DA238BEABA00B3F875 /* LaunchScreen.storyboard in Resources */,
				441D76D7238BEAB900B3F875 /* Assets.xcassets in Resources */,
				441D76D5238BEAB800B3F875 /* Main.storyboard in Resources */,
			);
			runOnlyForDeploymentPostprocessing = 0;
		};
/* End PBXResourcesBuildPhase section */

/* Begin PBXShellScriptBuildPhase section */
		1D0F60CDE527202B5FC125A7 /* [CP] Check Pods Manifest.lock */ = {
			isa = PBXShellScriptBuildPhase;
			buildActionMask = 2147483647;
			files = (
			);
			inputFileListPaths = (
			);
			inputPaths = (
				"${PODS_PODFILE_DIR_PATH}/Podfile.lock",
				"${PODS_ROOT}/Manifest.lock",
			);
			name = "[CP] Check Pods Manifest.lock";
			outputFileListPaths = (
			);
			outputPaths = (
				"$(DERIVED_FILE_DIR)/Pods-Letras-checkManifestLockResult.txt",
			);
			runOnlyForDeploymentPostprocessing = 0;
			shellPath = /bin/sh;
			shellScript = "diff \"${PODS_PODFILE_DIR_PATH}/Podfile.lock\" \"${PODS_ROOT}/Manifest.lock\" > /dev/null\nif [ $? != 0 ] ; then\n    # print error to STDERR\n    echo \"error: The sandbox is not in sync with the Podfile.lock. Run 'pod install' or update your CocoaPods installation.\" >&2\n    exit 1\nfi\n# This output is used by Xcode 'outputs' to avoid re-running this script phase.\necho \"SUCCESS\" > \"${SCRIPT_OUTPUT_FILE_0}\"\n";
			showEnvVarsInLog = 0;
		};
		853B5C8F0489A7625E3585F4 /* [CP] Embed Pods Frameworks */ = {
			isa = PBXShellScriptBuildPhase;
			buildActionMask = 2147483647;
			files = (
			);
			inputFileListPaths = (
				"${PODS_ROOT}/Target Support Files/Pods-Letras/Pods-Letras-frameworks-${CONFIGURATION}-input-files.xcfilelist",
			);
			name = "[CP] Embed Pods Frameworks";
			outputFileListPaths = (
				"${PODS_ROOT}/Target Support Files/Pods-Letras/Pods-Letras-frameworks-${CONFIGURATION}-output-files.xcfilelist",
			);
			runOnlyForDeploymentPostprocessing = 0;
			shellPath = /bin/sh;
			shellScript = "\"${PODS_ROOT}/Target Support Files/Pods-Letras/Pods-Letras-frameworks.sh\"\n";
			showEnvVarsInLog = 0;
		};
/* End PBXShellScriptBuildPhase section */

/* Begin PBXSourcesBuildPhase section */
		441D76C6238BEAB800B3F875 /* Sources */ = {
			isa = PBXSourcesBuildPhase;
			buildActionMask = 2147483647;
			files = (
				7CD69A2B238DCEEB0060CDFA /* RoundButton.swift in Sources */,
				4438C980238D462C000CF0A8 /* TableViewCellResult.swift in Sources */,
				442DEF4D238E97C5008FA787 /* APIClient.swift in Sources */,
				441D76D2238BEAB800B3F875 /* ViewController.swift in Sources */,
				7CD69A2D238DDF410060CDFA /* CustomLabel.swift in Sources */,
				441D76CE238BEAB800B3F875 /* AppDelegate.swift in Sources */,
				441D76E2238BEE1900B3F875 /* CollectionViewCell.swift in Sources */,
				7CD69A2F238DE61A0060CDFA /* CustomTableView.swift in Sources */,
				441D76D0238BEAB800B3F875 /* SceneDelegate.swift in Sources */,
			);
			runOnlyForDeploymentPostprocessing = 0;
		};
/* End PBXSourcesBuildPhase section */

/* Begin PBXVariantGroup section */
		441D76D3238BEAB800B3F875 /* Main.storyboard */ = {
			isa = PBXVariantGroup;
			children = (
				441D76D4238BEAB800B3F875 /* Base */,
			);
			name = Main.storyboard;
			sourceTree = "<group>";
		};
		441D76D8238BEABA00B3F875 /* LaunchScreen.storyboard */ = {
			isa = PBXVariantGroup;
			children = (
				441D76D9238BEABA00B3F875 /* Base */,
			);
			name = LaunchScreen.storyboard;
			sourceTree = "<group>";
		};
/* End PBXVariantGroup section */

/* Begin XCBuildConfiguration section */
		441D76DC238BEABA00B3F875 /* Debug */ = {
			isa = XCBuildConfiguration;
			buildSettings = {
				ALWAYS_SEARCH_USER_PATHS = NO;
				CLANG_ANALYZER_NONNULL = YES;
				CLANG_ANALYZER_NUMBER_OBJECT_CONVERSION = YES_AGGRESSIVE;
				CLANG_CXX_LANGUAGE_STANDARD = "gnu++14";
				CLANG_CXX_LIBRARY = "libc++";
				CLANG_ENABLE_MODULES = YES;
				CLANG_ENABLE_OBJC_ARC = YES;
				CLANG_ENABLE_OBJC_WEAK = YES;
				CLANG_WARN_BLOCK_CAPTURE_AUTORELEASING = YES;
				CLANG_WARN_BOOL_CONVERSION = YES;
				CLANG_WARN_COMMA = YES;
				CLANG_WARN_CONSTANT_CONVERSION = YES;
				CLANG_WARN_DEPRECATED_OBJC_IMPLEMENTATIONS = YES;
				CLANG_WARN_DIRECT_OBJC_ISA_USAGE = YES_ERROR;
				CLANG_WARN_DOCUMENTATION_COMMENTS = YES;
				CLANG_WARN_EMPTY_BODY = YES;
				CLANG_WARN_ENUM_CONVERSION = YES;
				CLANG_WARN_INFINITE_RECURSION = YES;
				CLANG_WARN_INT_CONVERSION = YES;
				CLANG_WARN_NON_LITERAL_NULL_CONVERSION = YES;
				CLANG_WARN_OBJC_IMPLICIT_RETAIN_SELF = YES;
				CLANG_WARN_OBJC_LITERAL_CONVERSION = YES;
				CLANG_WARN_OBJC_ROOT_CLASS = YES_ERROR;
				CLANG_WARN_RANGE_LOOP_ANALYSIS = YES;
				CLANG_WARN_STRICT_PROTOTYPES = YES;
				CLANG_WARN_SUSPICIOUS_MOVE = YES;
				CLANG_WARN_UNGUARDED_AVAILABILITY = YES_AGGRESSIVE;
				CLANG_WARN_UNREACHABLE_CODE = YES;
				CLANG_WARN__DUPLICATE_METHOD_MATCH = YES;
				COPY_PHASE_STRIP = NO;
				DEBUG_INFORMATION_FORMAT = dwarf;
				ENABLE_STRICT_OBJC_MSGSEND = YES;
				ENABLE_TESTABILITY = YES;
				GCC_C_LANGUAGE_STANDARD = gnu11;
				GCC_DYNAMIC_NO_PIC = NO;
				GCC_NO_COMMON_BLOCKS = YES;
				GCC_OPTIMIZATION_LEVEL = 0;
				GCC_PREPROCESSOR_DEFINITIONS = (
					"DEBUG=1",
					"$(inherited)",
				);
				GCC_WARN_64_TO_32_BIT_CONVERSION = YES;
				GCC_WARN_ABOUT_RETURN_TYPE = YES_ERROR;
				GCC_WARN_UNDECLARED_SELECTOR = YES;
				GCC_WARN_UNINITIALIZED_AUTOS = YES_AGGRESSIVE;
				GCC_WARN_UNUSED_FUNCTION = YES;
				GCC_WARN_UNUSED_VARIABLE = YES;
				IPHONEOS_DEPLOYMENT_TARGET = 13.1;
				MTL_ENABLE_DEBUG_INFO = INCLUDE_SOURCE;
				MTL_FAST_MATH = YES;
				ONLY_ACTIVE_ARCH = YES;
				SDKROOT = iphoneos;
				SWIFT_ACTIVE_COMPILATION_CONDITIONS = DEBUG;
				SWIFT_OPTIMIZATION_LEVEL = "-Onone";
			};
			name = Debug;
		};
		441D76DD238BEABA00B3F875 /* Release */ = {
			isa = XCBuildConfiguration;
			buildSettings = {
				ALWAYS_SEARCH_USER_PATHS = NO;
				CLANG_ANALYZER_NONNULL = YES;
				CLANG_ANALYZER_NUMBER_OBJECT_CONVERSION = YES_AGGRESSIVE;
				CLANG_CXX_LANGUAGE_STANDARD = "gnu++14";
				CLANG_CXX_LIBRARY = "libc++";
				CLANG_ENABLE_MODULES = YES;
				CLANG_ENABLE_OBJC_ARC = YES;
				CLANG_ENABLE_OBJC_WEAK = YES;
				CLANG_WARN_BLOCK_CAPTURE_AUTORELEASING = YES;
				CLANG_WARN_BOOL_CONVERSION = YES;
				CLANG_WARN_COMMA = YES;
				CLANG_WARN_CONSTANT_CONVERSION = YES;
				CLANG_WARN_DEPRECATED_OBJC_IMPLEMENTATIONS = YES;
				CLANG_WARN_DIRECT_OBJC_ISA_USAGE = YES_ERROR;
				CLANG_WARN_DOCUMENTATION_COMMENTS = YES;
				CLANG_WARN_EMPTY_BODY = YES;
				CLANG_WARN_ENUM_CONVERSION = YES;
				CLANG_WARN_INFINITE_RECURSION = YES;
				CLANG_WARN_INT_CONVERSION = YES;
				CLANG_WARN_NON_LITERAL_NULL_CONVERSION = YES;
				CLANG_WARN_OBJC_IMPLICIT_RETAIN_SELF = YES;
				CLANG_WARN_OBJC_LITERAL_CONVERSION = YES;
				CLANG_WARN_OBJC_ROOT_CLASS = YES_ERROR;
				CLANG_WARN_RANGE_LOOP_ANALYSIS = YES;
				CLANG_WARN_STRICT_PROTOTYPES = YES;
				CLANG_WARN_SUSPICIOUS_MOVE = YES;
				CLANG_WARN_UNGUARDED_AVAILABILITY = YES_AGGRESSIVE;
				CLANG_WARN_UNREACHABLE_CODE = YES;
				CLANG_WARN__DUPLICATE_METHOD_MATCH = YES;
				COPY_PHASE_STRIP = NO;
				DEBUG_INFORMATION_FORMAT = "dwarf-with-dsym";
				ENABLE_NS_ASSERTIONS = NO;
				ENABLE_STRICT_OBJC_MSGSEND = YES;
				GCC_C_LANGUAGE_STANDARD = gnu11;
				GCC_NO_COMMON_BLOCKS = YES;
				GCC_WARN_64_TO_32_BIT_CONVERSION = YES;
				GCC_WARN_ABOUT_RETURN_TYPE = YES_ERROR;
				GCC_WARN_UNDECLARED_SELECTOR = YES;
				GCC_WARN_UNINITIALIZED_AUTOS = YES_AGGRESSIVE;
				GCC_WARN_UNUSED_FUNCTION = YES;
				GCC_WARN_UNUSED_VARIABLE = YES;
				IPHONEOS_DEPLOYMENT_TARGET = 13.1;
				MTL_ENABLE_DEBUG_INFO = NO;
				MTL_FAST_MATH = YES;
				SDKROOT = iphoneos;
				SWIFT_COMPILATION_MODE = wholemodule;
				SWIFT_OPTIMIZATION_LEVEL = "-O";
				VALIDATE_PRODUCT = YES;
			};
			name = Release;
		};
		441D76DF238BEABA00B3F875 /* Debug */ = {
			isa = XCBuildConfiguration;
			baseConfigurationReference = 0B3E3E7EC63D777746E7EF68 /* Pods-Letras.debug.xcconfig */;
			buildSettings = {
				ASSETCATALOG_COMPILER_APPICON_NAME = AppIcon;
				CODE_SIGN_STYLE = Automatic;
				DEVELOPMENT_TEAM = HHH82ZC2NC;
				INFOPLIST_FILE = Letras/Info.plist;
				LD_RUNPATH_SEARCH_PATHS = (
					"$(inherited)",
					"@executable_path/Frameworks",
				);
				PRODUCT_BUNDLE_IDENTIFIER = com.dherreroj.Letras;
				PRODUCT_NAME = "$(TARGET_NAME)";
				SWIFT_VERSION = 5.0;
				TARGETED_DEVICE_FAMILY = "1,2";
			};
			name = Debug;
		};
		441D76E0238BEABA00B3F875 /* Release */ = {
			isa = XCBuildConfiguration;
			baseConfigurationReference = EEE6527DA20575895F0D8143 /* Pods-Letras.release.xcconfig */;
			buildSettings = {
				ASSETCATALOG_COMPILER_APPICON_NAME = AppIcon;
				CODE_SIGN_STYLE = Automatic;
				DEVELOPMENT_TEAM = HHH82ZC2NC;
				INFOPLIST_FILE = Letras/Info.plist;
				LD_RUNPATH_SEARCH_PATHS = (
					"$(inherited)",
					"@executable_path/Frameworks",
				);
				PRODUCT_BUNDLE_IDENTIFIER = com.dherreroj.Letras;
				PRODUCT_NAME = "$(TARGET_NAME)";
				SWIFT_VERSION = 5.0;
				TARGETED_DEVICE_FAMILY = "1,2";
			};
			name = Release;
		};
/* End XCBuildConfiguration section */

/* Begin XCConfigurationList section */
		441D76C5238BEAB800B3F875 /* Build configuration list for PBXProject "Letras" */ = {
			isa = XCConfigurationList;
			buildConfigurations = (
				441D76DC238BEABA00B3F875 /* Debug */,
				441D76DD238BEABA00B3F875 /* Release */,
			);
			defaultConfigurationIsVisible = 0;
			defaultConfigurationName = Release;
		};
		441D76DE238BEABA00B3F875 /* Build configuration list for PBXNativeTarget "Letras" */ = {
			isa = XCConfigurationList;
			buildConfigurations = (
				441D76DF238BEABA00B3F875 /* Debug */,
				441D76E0238BEABA00B3F875 /* Release */,
			);
			defaultConfigurationIsVisible = 0;
			defaultConfigurationName = Release;
		};
/* End XCConfigurationList section */
	};
	rootObject = 441D76C2238BEAB800B3F875 /* Project object */;
}
